
Microsoft Visual Studio Solution File, Format Version 12.00
# Visual Studio 14
VisualStudioVersion = 14.0.24720.0
MinimumVisualStudioVersion = 10.0.40219.1
Project("{FAE04EC0-301F-11D3-BF4B-00C04F79EFBC}") = "Factory", "DesignPatterns\Factory\Factory.csproj", "{2D964FA0-2F0C-479B-9160-B1D6A2EC5FAC}"
EndProject
Project("{FAE04EC0-301F-11D3-BF4B-00C04F79EFBC}") = "Builder", "DesignPatterns\Builder\Builder.csproj", "{814E7356-ABE8-465B-9010-39349BE3A764}"
EndProject
Global
	GlobalSection(SolutionConfigurationPlatforms) = preSolution
		Debug|Any CPU = Debug|Any CPU
		Release|Any CPU = Release|Any CPU
	EndGlobalSection
	GlobalSection(ProjectConfigurationPlatforms) = postSolution
		{2D964FA0-2F0C-479B-9160-B1D6A2EC5FAC}.Debug|Any CPU.ActiveCfg = Debug|Any CPU
		{2D964FA0-2F0C-479B-9160-B1D6A2EC5FAC}.Debug|Any CPU.Build.0 = Debug|Any CPU
		{2D964FA0-2F0C-479B-9160-B1D6A2EC5FAC}.Release|Any CPU.ActiveCfg = Release|Any CPU
		{2D964FA0-2F0C-479B-9160-B1D6A2EC5FAC}.Release|Any CPU.Build.0 = Release|Any CPU
		{814E7356-ABE8-465B-9010-39349BE3A764}.Debug|Any CPU.ActiveCfg = Debug|Any CPU
		{814E7356-ABE8-465B-9010-39349BE3A764}.Debug|Any CPU.Build.0 = Debug|Any CPU
		{814E7356-ABE8-465B-9010-39349BE3A764}.Release|Any CPU.ActiveCfg = Release|Any CPU
		{814E7356-ABE8-465B-9010-39349BE3A764}.Release|Any CPU.Build.0 = Release|Any CPU
	EndGlobalSection
	GlobalSection(SolutionProperties) = preSolution
		HideSolutionNode = FALSE
	EndGlobalSection
EndGlobal
